
Microsoft Visual Studio Solution File, Format Version 12.00
# Visual Studio Version 17
VisualStudioVersion = 17.9.34723.18
MinimumVisualStudioVersion = 10.0.40219.1
Project("{9A19103F-16F7-4668-BE54-9A1E7A4F7556}") = "NP 02. Socket, UDP, TCP", "NP 02. Socket, UDP, TCP\NP 02. Socket, UDP, TCP.csproj", "{37FBA7A5-A200-41CF-BE3D-C1335A9F58CB}"
EndProject
Project("{9A19103F-16F7-4668-BE54-9A1E7A4F7556}") = "NP 02. Socket TCP client", "NP 02. Socket TCP client\NP 02. Socket TCP client.csproj", "{B6EEF3A4-46FF-4493-90F4-DE1BB14BA792}"
EndProject
Project("{2150E333-8FDC-42A3-9474-1A3956D46DE8}") = "NP 02", "NP 02", "{CE96D2D2-E665-43F4-A975-3F44DF1882D1}"
	ProjectSection(SolutionItems) = preProject
		NP 02. Udp listener Python.py = NP 02. Udp listener Python.py
	EndProjectSection
EndProject
Project("{9A19103F-16F7-4668-BE54-9A1E7A4F7556}") = "NP 02. Socket Udp Listener", "NP 02. Socket Udp Listener\NP 02. Socket Udp Listener.csproj", "{44BC45C5-B998-407F-8E94-0DC2B7FFF5E9}"
EndProject
Project("{9A19103F-16F7-4668-BE54-9A1E7A4F7556}") = "NP 02. Socket Udp client", "NP 02. Socket Udp client\NP 02. Socket Udp client.csproj", "{19EAA711-9E17-4AC5-B08E-A2B66BEF3E65}"
EndProject
Project("{8BC9CEB8-8B4A-11D0-8D11-00A0C91BC942}") = "NP 02. UDP Listener C", "NP 02. UDP Listener C\NP 02. UDP Listener C.vcxproj", "{3139C2B7-2301-4174-BD7E-7C18D4F38735}"
EndProject
Project("{888888A0-9F3D-457C-B088-3A5042F75D52}") = "NP 02. UDP Listener", "NP 02. UDP Listener\NP 02. UDP Listener.pyproj", "{13A8E520-8FFD-42B7-BF6F-8B349AEE22D0}"
EndProject
Project("{2150E333-8FDC-42A3-9474-1A3956D46DE8}") = "NP 03", "NP 03", "{EBCE190E-EBCA-4B36-93DC-9768B3CDEADD}"
EndProject
Project("{9A19103F-16F7-4668-BE54-9A1E7A4F7556}") = "NP 03. TcpClient", "NP 03. TcpClient\NP 03. TcpClient.csproj", "{51E12B2A-21FF-4F03-83FF-C8985D3FAB55}"
EndProject
Project("{9A19103F-16F7-4668-BE54-9A1E7A4F7556}") = "NP 03. TcpListener", "NP 03. TcpListener\NP 03. TcpListener.csproj", "{D71F1D40-2E9C-4FED-90C5-C3F4D2F6970F}"
EndProject
Project("{9A19103F-16F7-4668-BE54-9A1E7A4F7556}") = "NP 03. Udp Listener", "NP 03. Udp Listener\NP 03. Udp Listener.csproj", "{CDEBF4C3-2EFA-4FDF-A177-A053E24E1B8E}"
EndProject
Project("{9A19103F-16F7-4668-BE54-9A1E7A4F7556}") = "NP 03. Udp Client", "NP 03. Udp Client\NP 03. Udp Client.csproj", "{682C1626-CA3B-4800-A23B-93A1B618CA91}"
EndProject
Project("{9A19103F-16F7-4668-BE54-9A1E7A4F7556}") = "NP 03. TCP Task Manager Client", "NP 03. TCP Task Manager\NP 03. TCP Task Manager Client.csproj", "{2AA74304-7D4B-4DD0-BDCE-9C72E7A478FF}"
EndProject
Project("{9A19103F-16F7-4668-BE54-9A1E7A4F7556}") = "NP 03. TCP Task Manager Listener", "NP 03. TCP Task Manager Listener\NP 03. TCP Task Manager Listener.csproj", "{31AB3CE7-339C-4391-A786-04FD8ABDA7CF}"
EndProject
Project("{2150E333-8FDC-42A3-9474-1A3956D46DE8}") = "NP 04", "NP 04", "{09D42AB2-3C86-4E6B-8473-2C37A03F704B}"
EndProject
Project("{9A19103F-16F7-4668-BE54-9A1E7A4F7556}") = "NP 04. Multicast_client", "NP 04. Multicast_client\NP 04. Multicast_client.csproj", "{D0351BE1-3040-42C2-81E4-EEB9F1A23FF6}"
EndProject
Project("{9A19103F-16F7-4668-BE54-9A1E7A4F7556}") = "NP 04. Multicast_listener", "NP 04. Multicast_listener\NP 04. Multicast_listener.csproj", "{946E0A28-741A-427E-BE20-331B572E6F18}"
EndProject
Project("{9A19103F-16F7-4668-BE54-9A1E7A4F7556}") = "NP 04. Broadcast_client", "NP 04. Broadcast_client\NP 04. Broadcast_client.csproj", "{73676894-DFB8-44DB-8FD2-300A519E3562}"
EndProject
Project("{9A19103F-16F7-4668-BE54-9A1E7A4F7556}") = "NP 04. Broadcast_listener", "NP 04. Broadcast_listener\NP 04. Broadcast_listener.csproj", "{5FBBD5D4-48F5-4658-8CED-149192541623}"
EndProject
Project("{2150E333-8FDC-42A3-9474-1A3956D46DE8}") = "NP 05", "NP 05", "{32B3DEE6-552C-4958-92F5-58603634B16A}"
	ProjectSection(SolutionItems) = preProject
		index.html = index.html
	EndProjectSection
EndProject
Project("{9A19103F-16F7-4668-BE54-9A1E7A4F7556}") = "NP 05. HttpClient", "NP 05. HttpClient\NP 05. HttpClient.csproj", "{0FD12F4B-6D92-4D31-ACF7-C8516347AA4A}"
EndProject
Project("{9A19103F-16F7-4668-BE54-9A1E7A4F7556}") = "NP 05. HttpListener", "NP 05. HttpListener\NP 05. HttpListener.csproj", "{D2181B62-9DF1-487C-95A0-5035FB153833}"
EndProject
Project("{9A19103F-16F7-4668-BE54-9A1E7A4F7556}") = "NP 05. HttpListener with html", "NP 05. HttpListener with html\NP 05. HttpListener with html.csproj", "{F156AEB9-838C-4715-92B3-9DFE26A64484}"
EndProject
Project("{9A19103F-16F7-4668-BE54-9A1E7A4F7556}") = "NP 05. HttpClient example", "NP 05. HttpClient example\NP 05. HttpClient example.csproj", "{FF448849-0F28-4528-BAF2-B4A5E99B76DB}"
EndProject
Project("{2150E333-8FDC-42A3-9474-1A3956D46DE8}") = "NP 07", "NP 07", "{EB1E063B-ACC5-4F24-A63E-F8E369AF0DD7}"
EndProject
Project("{9A19103F-16F7-4668-BE54-9A1E7A4F7556}") = "NP 07. SMTP, IMAP, FTP", "NP 07. SMTP, IMAP, FTP\NP 07. SMTP, IMAP, FTP.csproj", "{D17DFA6A-55DF-4223-A46F-75F4DD9259B8}"
EndProject
Project("{2150E333-8FDC-42A3-9474-1A3956D46DE8}") = "NP 08", "NP 08", "{97C96359-3DFD-45E1-BEAA-92441309E3D6}"
EndProject
Project("{FAE04EC0-301F-11D3-BF4B-00C04F79EFBC}") = "NP 08. TcpMultiClient Client", "NP 08. TcpMultiClient Client\NP 08. TcpMultiClient Client.csproj", "{FA2A310B-B392-4BB2-8DBF-907960408B65}"
EndProject
Project("{FAE04EC0-301F-11D3-BF4B-00C04F79EFBC}") = "NP 08. TcpMultiClient Listener", "NP 08. TcpMultiClient Listener\NP 08. TcpMultiClient Listener.csproj", "{F85C1514-7013-4927-9F9A-D7AE41FEF939}"
EndProject
Global
	GlobalSection(SolutionConfigurationPlatforms) = preSolution
		Debug|Any CPU = Debug|Any CPU
		Debug|x64 = Debug|x64
		Debug|x86 = Debug|x86
		Release|Any CPU = Release|Any CPU
		Release|x64 = Release|x64
		Release|x86 = Release|x86
	EndGlobalSection
	GlobalSection(ProjectConfigurationPlatforms) = postSolution
		{37FBA7A5-A200-41CF-BE3D-C1335A9F58CB}.Debug|Any CPU.ActiveCfg = Debug|Any CPU
		{37FBA7A5-A200-41CF-BE3D-C1335A9F58CB}.Debug|Any CPU.Build.0 = Debug|Any CPU
		{37FBA7A5-A200-41CF-BE3D-C1335A9F58CB}.Debug|x64.ActiveCfg = Debug|Any CPU
		{37FBA7A5-A200-41CF-BE3D-C1335A9F58CB}.Debug|x64.Build.0 = Debug|Any CPU
		{37FBA7A5-A200-41CF-BE3D-C1335A9F58CB}.Debug|x86.ActiveCfg = Debug|Any CPU
		{37FBA7A5-A200-41CF-BE3D-C1335A9F58CB}.Debug|x86.Build.0 = Debug|Any CPU
		{37FBA7A5-A200-41CF-BE3D-C1335A9F58CB}.Release|Any CPU.ActiveCfg = Release|Any CPU
		{37FBA7A5-A200-41CF-BE3D-C1335A9F58CB}.Release|Any CPU.Build.0 = Release|Any CPU
		{37FBA7A5-A200-41CF-BE3D-C1335A9F58CB}.Release|x64.ActiveCfg = Release|Any CPU
		{37FBA7A5-A200-41CF-BE3D-C1335A9F58CB}.Release|x64.Build.0 = Release|Any CPU
		{37FBA7A5-A200-41CF-BE3D-C1335A9F58CB}.Release|x86.ActiveCfg = Release|Any CPU
		{37FBA7A5-A200-41CF-BE3D-C1335A9F58CB}.Release|x86.Build.0 = Release|Any CPU
		{B6EEF3A4-46FF-4493-90F4-DE1BB14BA792}.Debug|Any CPU.ActiveCfg = Debug|Any CPU
		{B6EEF3A4-46FF-4493-90F4-DE1BB14BA792}.Debug|Any CPU.Build.0 = Debug|Any CPU
		{B6EEF3A4-46FF-4493-90F4-DE1BB14BA792}.Debug|x64.ActiveCfg = Debug|Any CPU
		{B6EEF3A4-46FF-4493-90F4-DE1BB14BA792}.Debug|x64.Build.0 = Debug|Any CPU
		{B6EEF3A4-46FF-4493-90F4-DE1BB14BA792}.Debug|x86.ActiveCfg = Debug|Any CPU
		{B6EEF3A4-46FF-4493-90F4-DE1BB14BA792}.Debug|x86.Build.0 = Debug|Any CPU
		{B6EEF3A4-46FF-4493-90F4-DE1BB14BA792}.Release|Any CPU.ActiveCfg = Release|Any CPU
		{B6EEF3A4-46FF-4493-90F4-DE1BB14BA792}.Release|Any CPU.Build.0 = Release|Any CPU
		{B6EEF3A4-46FF-4493-90F4-DE1BB14BA792}.Release|x64.ActiveCfg = Release|Any CPU
		{B6EEF3A4-46FF-4493-90F4-DE1BB14BA792}.Release|x64.Build.0 = Release|Any CPU
		{B6EEF3A4-46FF-4493-90F4-DE1BB14BA792}.Release|x86.ActiveCfg = Release|Any CPU
		{B6EEF3A4-46FF-4493-90F4-DE1BB14BA792}.Release|x86.Build.0 = Release|Any CPU
		{44BC45C5-B998-407F-8E94-0DC2B7FFF5E9}.Debug|Any CPU.ActiveCfg = Debug|Any CPU
		{44BC45C5-B998-407F-8E94-0DC2B7FFF5E9}.Debug|Any CPU.Build.0 = Debug|Any CPU
		{44BC45C5-B998-407F-8E94-0DC2B7FFF5E9}.Debug|x64.ActiveCfg = Debug|Any CPU
		{44BC45C5-B998-407F-8E94-0DC2B7FFF5E9}.Debug|x64.Build.0 = Debug|Any CPU
		{44BC45C5-B998-407F-8E94-0DC2B7FFF5E9}.Debug|x86.ActiveCfg = Debug|Any CPU
		{44BC45C5-B998-407F-8E94-0DC2B7FFF5E9}.Debug|x86.Build.0 = Debug|Any CPU
		{44BC45C5-B998-407F-8E94-0DC2B7FFF5E9}.Release|Any CPU.ActiveCfg = Release|Any CPU
		{44BC45C5-B998-407F-8E94-0DC2B7FFF5E9}.Release|Any CPU.Build.0 = Release|Any CPU
		{44BC45C5-B998-407F-8E94-0DC2B7FFF5E9}.Release|x64.ActiveCfg = Release|Any CPU
		{44BC45C5-B998-407F-8E94-0DC2B7FFF5E9}.Release|x64.Build.0 = Release|Any CPU
		{44BC45C5-B998-407F-8E94-0DC2B7FFF5E9}.Release|x86.ActiveCfg = Release|Any CPU
		{44BC45C5-B998-407F-8E94-0DC2B7FFF5E9}.Release|x86.Build.0 = Release|Any CPU
		{19EAA711-9E17-4AC5-B08E-A2B66BEF3E65}.Debug|Any CPU.ActiveCfg = Debug|Any CPU
		{19EAA711-9E17-4AC5-B08E-A2B66BEF3E65}.Debug|Any CPU.Build.0 = Debug|Any CPU
		{19EAA711-9E17-4AC5-B08E-A2B66BEF3E65}.Debug|x64.ActiveCfg = Debug|Any CPU
		{19EAA711-9E17-4AC5-B08E-A2B66BEF3E65}.Debug|x64.Build.0 = Debug|Any CPU
		{19EAA711-9E17-4AC5-B08E-A2B66BEF3E65}.Debug|x86.ActiveCfg = Debug|Any CPU
		{19EAA711-9E17-4AC5-B08E-A2B66BEF3E65}.Debug|x86.Build.0 = Debug|Any CPU
		{19EAA711-9E17-4AC5-B08E-A2B66BEF3E65}.Release|Any CPU.ActiveCfg = Release|Any CPU
		{19EAA711-9E17-4AC5-B08E-A2B66BEF3E65}.Release|Any CPU.Build.0 = Release|Any CPU
		{19EAA711-9E17-4AC5-B08E-A2B66BEF3E65}.Release|x64.ActiveCfg = Release|Any CPU
		{19EAA711-9E17-4AC5-B08E-A2B66BEF3E65}.Release|x64.Build.0 = Release|Any CPU
		{19EAA711-9E17-4AC5-B08E-A2B66BEF3E65}.Release|x86.ActiveCfg = Release|Any CPU
		{19EAA711-9E17-4AC5-B08E-A2B66BEF3E65}.Release|x86.Build.0 = Release|Any CPU
		{3139C2B7-2301-4174-BD7E-7C18D4F38735}.Debug|Any CPU.ActiveCfg = Debug|x64
		{3139C2B7-2301-4174-BD7E-7C18D4F38735}.Debug|Any CPU.Build.0 = Debug|x64
		{3139C2B7-2301-4174-BD7E-7C18D4F38735}.Debug|x64.ActiveCfg = Debug|x64
		{3139C2B7-2301-4174-BD7E-7C18D4F38735}.Debug|x64.Build.0 = Debug|x64
		{3139C2B7-2301-4174-BD7E-7C18D4F38735}.Debug|x86.ActiveCfg = Debug|Win32
		{3139C2B7-2301-4174-BD7E-7C18D4F38735}.Debug|x86.Build.0 = Debug|Win32
		{3139C2B7-2301-4174-BD7E-7C18D4F38735}.Release|Any CPU.ActiveCfg = Release|x64
		{3139C2B7-2301-4174-BD7E-7C18D4F38735}.Release|Any CPU.Build.0 = Release|x64
		{3139C2B7-2301-4174-BD7E-7C18D4F38735}.Release|x64.ActiveCfg = Release|x64
		{3139C2B7-2301-4174-BD7E-7C18D4F38735}.Release|x64.Build.0 = Release|x64
		{3139C2B7-2301-4174-BD7E-7C18D4F38735}.Release|x86.ActiveCfg = Release|Win32
		{3139C2B7-2301-4174-BD7E-7C18D4F38735}.Release|x86.Build.0 = Release|Win32
		{13A8E520-8FFD-42B7-BF6F-8B349AEE22D0}.Debug|Any CPU.ActiveCfg = Debug|Any CPU
		{13A8E520-8FFD-42B7-BF6F-8B349AEE22D0}.Debug|x64.ActiveCfg = Debug|Any CPU
		{13A8E520-8FFD-42B7-BF6F-8B349AEE22D0}.Debug|x86.ActiveCfg = Debug|Any CPU
		{13A8E520-8FFD-42B7-BF6F-8B349AEE22D0}.Release|Any CPU.ActiveCfg = Release|Any CPU
		{13A8E520-8FFD-42B7-BF6F-8B349AEE22D0}.Release|x64.ActiveCfg = Release|Any CPU
		{13A8E520-8FFD-42B7-BF6F-8B349AEE22D0}.Release|x86.ActiveCfg = Release|Any CPU
		{51E12B2A-21FF-4F03-83FF-C8985D3FAB55}.Debug|Any CPU.ActiveCfg = Debug|Any CPU
		{51E12B2A-21FF-4F03-83FF-C8985D3FAB55}.Debug|Any CPU.Build.0 = Debug|Any CPU
		{51E12B2A-21FF-4F03-83FF-C8985D3FAB55}.Debug|x64.ActiveCfg = Debug|Any CPU
		{51E12B2A-21FF-4F03-83FF-C8985D3FAB55}.Debug|x64.Build.0 = Debug|Any CPU
		{51E12B2A-21FF-4F03-83FF-C8985D3FAB55}.Debug|x86.ActiveCfg = Debug|Any CPU
		{51E12B2A-21FF-4F03-83FF-C8985D3FAB55}.Debug|x86.Build.0 = Debug|Any CPU
		{51E12B2A-21FF-4F03-83FF-C8985D3FAB55}.Release|Any CPU.ActiveCfg = Release|Any CPU
		{51E12B2A-21FF-4F03-83FF-C8985D3FAB55}.Release|Any CPU.Build.0 = Release|Any CPU
		{51E12B2A-21FF-4F03-83FF-C8985D3FAB55}.Release|x64.ActiveCfg = Release|Any CPU
		{51E12B2A-21FF-4F03-83FF-C8985D3FAB55}.Release|x64.Build.0 = Release|Any CPU
		{51E12B2A-21FF-4F03-83FF-C8985D3FAB55}.Release|x86.ActiveCfg = Release|Any CPU
		{51E12B2A-21FF-4F03-83FF-C8985D3FAB55}.Release|x86.Build.0 = Release|Any CPU
		{D71F1D40-2E9C-4FED-90C5-C3F4D2F6970F}.Debug|Any CPU.ActiveCfg = Debug|Any CPU
		{D71F1D40-2E9C-4FED-90C5-C3F4D2F6970F}.Debug|Any CPU.Build.0 = Debug|Any CPU
		{D71F1D40-2E9C-4FED-90C5-C3F4D2F6970F}.Debug|x64.ActiveCfg = Debug|Any CPU
		{D71F1D40-2E9C-4FED-90C5-C3F4D2F6970F}.Debug|x64.Build.0 = Debug|Any CPU
		{D71F1D40-2E9C-4FED-90C5-C3F4D2F6970F}.Debug|x86.ActiveCfg = Debug|Any CPU
		{D71F1D40-2E9C-4FED-90C5-C3F4D2F6970F}.Debug|x86.Build.0 = Debug|Any CPU
		{D71F1D40-2E9C-4FED-90C5-C3F4D2F6970F}.Release|Any CPU.ActiveCfg = Release|Any CPU
		{D71F1D40-2E9C-4FED-90C5-C3F4D2F6970F}.Release|Any CPU.Build.0 = Release|Any CPU
		{D71F1D40-2E9C-4FED-90C5-C3F4D2F6970F}.Release|x64.ActiveCfg = Release|Any CPU
		{D71F1D40-2E9C-4FED-90C5-C3F4D2F6970F}.Release|x64.Build.0 = Release|Any CPU
		{D71F1D40-2E9C-4FED-90C5-C3F4D2F6970F}.Release|x86.ActiveCfg = Release|Any CPU
		{D71F1D40-2E9C-4FED-90C5-C3F4D2F6970F}.Release|x86.Build.0 = Release|Any CPU
		{CDEBF4C3-2EFA-4FDF-A177-A053E24E1B8E}.Debug|Any CPU.ActiveCfg = Debug|Any CPU
		{CDEBF4C3-2EFA-4FDF-A177-A053E24E1B8E}.Debug|Any CPU.Build.0 = Debug|Any CPU
		{CDEBF4C3-2EFA-4FDF-A177-A053E24E1B8E}.Debug|x64.ActiveCfg = Debug|Any CPU
		{CDEBF4C3-2EFA-4FDF-A177-A053E24E1B8E}.Debug|x64.Build.0 = Debug|Any CPU
		{CDEBF4C3-2EFA-4FDF-A177-A053E24E1B8E}.Debug|x86.ActiveCfg = Debug|Any CPU
		{CDEBF4C3-2EFA-4FDF-A177-A053E24E1B8E}.Debug|x86.Build.0 = Debug|Any CPU
		{CDEBF4C3-2EFA-4FDF-A177-A053E24E1B8E}.Release|Any CPU.ActiveCfg = Release|Any CPU
		{CDEBF4C3-2EFA-4FDF-A177-A053E24E1B8E}.Release|Any CPU.Build.0 = Release|Any CPU
		{CDEBF4C3-2EFA-4FDF-A177-A053E24E1B8E}.Release|x64.ActiveCfg = Release|Any CPU
		{CDEBF4C3-2EFA-4FDF-A177-A053E24E1B8E}.Release|x64.Build.0 = Release|Any CPU
		{CDEBF4C3-2EFA-4FDF-A177-A053E24E1B8E}.Release|x86.ActiveCfg = Release|Any CPU
		{CDEBF4C3-2EFA-4FDF-A177-A053E24E1B8E}.Release|x86.Build.0 = Release|Any CPU
		{682C1626-CA3B-4800-A23B-93A1B618CA91}.Debug|Any CPU.ActiveCfg = Debug|Any CPU
		{682C1626-CA3B-4800-A23B-93A1B618CA91}.Debug|Any CPU.Build.0 = Debug|Any CPU
		{682C1626-CA3B-4800-A23B-93A1B618CA91}.Debug|x64.ActiveCfg = Debug|Any CPU
		{682C1626-CA3B-4800-A23B-93A1B618CA91}.Debug|x64.Build.0 = Debug|Any CPU
		{682C1626-CA3B-4800-A23B-93A1B618CA91}.Debug|x86.ActiveCfg = Debug|Any CPU
		{682C1626-CA3B-4800-A23B-93A1B618CA91}.Debug|x86.Build.0 = Debug|Any CPU
		{682C1626-CA3B-4800-A23B-93A1B618CA91}.Release|Any CPU.ActiveCfg = Release|Any CPU
		{682C1626-CA3B-4800-A23B-93A1B618CA91}.Release|Any CPU.Build.0 = Release|Any CPU
		{682C1626-CA3B-4800-A23B-93A1B618CA91}.Release|x64.ActiveCfg = Release|Any CPU
		{682C1626-CA3B-4800-A23B-93A1B618CA91}.Release|x64.Build.0 = Release|Any CPU
		{682C1626-CA3B-4800-A23B-93A1B618CA91}.Release|x86.ActiveCfg = Release|Any CPU
		{682C1626-CA3B-4800-A23B-93A1B618CA91}.Release|x86.Build.0 = Release|Any CPU
		{2AA74304-7D4B-4DD0-BDCE-9C72E7A478FF}.Debug|Any CPU.ActiveCfg = Debug|Any CPU
		{2AA74304-7D4B-4DD0-BDCE-9C72E7A478FF}.Debug|Any CPU.Build.0 = Debug|Any CPU
		{2AA74304-7D4B-4DD0-BDCE-9C72E7A478FF}.Debug|x64.ActiveCfg = Debug|Any CPU
		{2AA74304-7D4B-4DD0-BDCE-9C72E7A478FF}.Debug|x64.Build.0 = Debug|Any CPU
		{2AA74304-7D4B-4DD0-BDCE-9C72E7A478FF}.Debug|x86.ActiveCfg = Debug|Any CPU
		{2AA74304-7D4B-4DD0-BDCE-9C72E7A478FF}.Debug|x86.Build.0 = Debug|Any CPU
		{2AA74304-7D4B-4DD0-BDCE-9C72E7A478FF}.Release|Any CPU.ActiveCfg = Release|Any CPU
		{2AA74304-7D4B-4DD0-BDCE-9C72E7A478FF}.Release|Any CPU.Build.0 = Release|Any CPU
		{2AA74304-7D4B-4DD0-BDCE-9C72E7A478FF}.Release|x64.ActiveCfg = Release|Any CPU
		{2AA74304-7D4B-4DD0-BDCE-9C72E7A478FF}.Release|x64.Build.0 = Release|Any CPU
		{2AA74304-7D4B-4DD0-BDCE-9C72E7A478FF}.Release|x86.ActiveCfg = Release|Any CPU
		{2AA74304-7D4B-4DD0-BDCE-9C72E7A478FF}.Release|x86.Build.0 = Release|Any CPU
		{31AB3CE7-339C-4391-A786-04FD8ABDA7CF}.Debug|Any CPU.ActiveCfg = Debug|Any CPU
		{31AB3CE7-339C-4391-A786-04FD8ABDA7CF}.Debug|Any CPU.Build.0 = Debug|Any CPU
		{31AB3CE7-339C-4391-A786-04FD8ABDA7CF}.Debug|x64.ActiveCfg = Debug|Any CPU
		{31AB3CE7-339C-4391-A786-04FD8ABDA7CF}.Debug|x64.Build.0 = Debug|Any CPU
		{31AB3CE7-339C-4391-A786-04FD8ABDA7CF}.Debug|x86.ActiveCfg = Debug|Any CPU
		{31AB3CE7-339C-4391-A786-04FD8ABDA7CF}.Debug|x86.Build.0 = Debug|Any CPU
		{31AB3CE7-339C-4391-A786-04FD8ABDA7CF}.Release|Any CPU.ActiveCfg = Release|Any CPU
		{31AB3CE7-339C-4391-A786-04FD8ABDA7CF}.Release|Any CPU.Build.0 = Release|Any CPU
		{31AB3CE7-339C-4391-A786-04FD8ABDA7CF}.Release|x64.ActiveCfg = Release|Any CPU
		{31AB3CE7-339C-4391-A786-04FD8ABDA7CF}.Release|x64.Build.0 = Release|Any CPU
		{31AB3CE7-339C-4391-A786-04FD8ABDA7CF}.Release|x86.ActiveCfg = Release|Any CPU
		{31AB3CE7-339C-4391-A786-04FD8ABDA7CF}.Release|x86.Build.0 = Release|Any CPU
		{D0351BE1-3040-42C2-81E4-EEB9F1A23FF6}.Debug|Any CPU.ActiveCfg = Debug|Any CPU
		{D0351BE1-3040-42C2-81E4-EEB9F1A23FF6}.Debug|Any CPU.Build.0 = Debug|Any CPU
		{D0351BE1-3040-42C2-81E4-EEB9F1A23FF6}.Debug|x64.ActiveCfg = Debug|Any CPU
		{D0351BE1-3040-42C2-81E4-EEB9F1A23FF6}.Debug|x64.Build.0 = Debug|Any CPU
		{D0351BE1-3040-42C2-81E4-EEB9F1A23FF6}.Debug|x86.ActiveCfg = Debug|Any CPU
		{D0351BE1-3040-42C2-81E4-EEB9F1A23FF6}.Debug|x86.Build.0 = Debug|Any CPU
		{D0351BE1-3040-42C2-81E4-EEB9F1A23FF6}.Release|Any CPU.ActiveCfg = Release|Any CPU
		{D0351BE1-3040-42C2-81E4-EEB9F1A23FF6}.Release|Any CPU.Build.0 = Release|Any CPU
		{D0351BE1-3040-42C2-81E4-EEB9F1A23FF6}.Release|x64.ActiveCfg = Release|Any CPU
		{D0351BE1-3040-42C2-81E4-EEB9F1A23FF6}.Release|x64.Build.0 = Release|Any CPU
		{D0351BE1-3040-42C2-81E4-EEB9F1A23FF6}.Release|x86.ActiveCfg = Release|Any CPU
		{D0351BE1-3040-42C2-81E4-EEB9F1A23FF6}.Release|x86.Build.0 = Release|Any CPU
		{946E0A28-741A-427E-BE20-331B572E6F18}.Debug|Any CPU.ActiveCfg = Debug|Any CPU
		{946E0A28-741A-427E-BE20-331B572E6F18}.Debug|Any CPU.Build.0 = Debug|Any CPU
		{946E0A28-741A-427E-BE20-331B572E6F18}.Debug|x64.ActiveCfg = Debug|Any CPU
		{946E0A28-741A-427E-BE20-331B572E6F18}.Debug|x64.Build.0 = Debug|Any CPU
		{946E0A28-741A-427E-BE20-331B572E6F18}.Debug|x86.ActiveCfg = Debug|Any CPU
		{946E0A28-741A-427E-BE20-331B572E6F18}.Debug|x86.Build.0 = Debug|Any CPU
		{946E0A28-741A-427E-BE20-331B572E6F18}.Release|Any CPU.ActiveCfg = Release|Any CPU
		{946E0A28-741A-427E-BE20-331B572E6F18}.Release|Any CPU.Build.0 = Release|Any CPU
		{946E0A28-741A-427E-BE20-331B572E6F18}.Release|x64.ActiveCfg = Release|Any CPU
		{946E0A28-741A-427E-BE20-331B572E6F18}.Release|x64.Build.0 = Release|Any CPU
		{946E0A28-741A-427E-BE20-331B572E6F18}.Release|x86.ActiveCfg = Release|Any CPU
		{946E0A28-741A-427E-BE20-331B572E6F18}.Release|x86.Build.0 = Release|Any CPU
		{73676894-DFB8-44DB-8FD2-300A519E3562}.Debug|Any CPU.ActiveCfg = Debug|Any CPU
		{73676894-DFB8-44DB-8FD2-300A519E3562}.Debug|Any CPU.Build.0 = Debug|Any CPU
		{73676894-DFB8-44DB-8FD2-300A519E3562}.Debug|x64.ActiveCfg = Debug|Any CPU
		{73676894-DFB8-44DB-8FD2-300A519E3562}.Debug|x64.Build.0 = Debug|Any CPU
		{73676894-DFB8-44DB-8FD2-300A519E3562}.Debug|x86.ActiveCfg = Debug|Any CPU
		{73676894-DFB8-44DB-8FD2-300A519E3562}.Debug|x86.Build.0 = Debug|Any CPU
		{73676894-DFB8-44DB-8FD2-300A519E3562}.Release|Any CPU.ActiveCfg = Release|Any CPU
		{73676894-DFB8-44DB-8FD2-300A519E3562}.Release|Any CPU.Build.0 = Release|Any CPU
		{73676894-DFB8-44DB-8FD2-300A519E3562}.Release|x64.ActiveCfg = Release|Any CPU
		{73676894-DFB8-44DB-8FD2-300A519E3562}.Release|x64.Build.0 = Release|Any CPU
		{73676894-DFB8-44DB-8FD2-300A519E3562}.Release|x86.ActiveCfg = Release|Any CPU
		{73676894-DFB8-44DB-8FD2-300A519E3562}.Release|x86.Build.0 = Release|Any CPU
		{5FBBD5D4-48F5-4658-8CED-149192541623}.Debug|Any CPU.ActiveCfg = Debug|Any CPU
		{5FBBD5D4-48F5-4658-8CED-149192541623}.Debug|Any CPU.Build.0 = Debug|Any CPU
		{5FBBD5D4-48F5-4658-8CED-149192541623}.Debug|x64.ActiveCfg = Debug|Any CPU
		{5FBBD5D4-48F5-4658-8CED-149192541623}.Debug|x64.Build.0 = Debug|Any CPU
		{5FBBD5D4-48F5-4658-8CED-149192541623}.Debug|x86.ActiveCfg = Debug|Any CPU
		{5FBBD5D4-48F5-4658-8CED-149192541623}.Debug|x86.Build.0 = Debug|Any CPU
		{5FBBD5D4-48F5-4658-8CED-149192541623}.Release|Any CPU.ActiveCfg = Release|Any CPU
		{5FBBD5D4-48F5-4658-8CED-149192541623}.Release|Any CPU.Build.0 = Release|Any CPU
		{5FBBD5D4-48F5-4658-8CED-149192541623}.Release|x64.ActiveCfg = Release|Any CPU
		{5FBBD5D4-48F5-4658-8CED-149192541623}.Release|x64.Build.0 = Release|Any CPU
		{5FBBD5D4-48F5-4658-8CED-149192541623}.Release|x86.ActiveCfg = Release|Any CPU
		{5FBBD5D4-48F5-4658-8CED-149192541623}.Release|x86.Build.0 = Release|Any CPU
		{0FD12F4B-6D92-4D31-ACF7-C8516347AA4A}.Debug|Any CPU.ActiveCfg = Debug|Any CPU
		{0FD12F4B-6D92-4D31-ACF7-C8516347AA4A}.Debug|Any CPU.Build.0 = Debug|Any CPU
		{0FD12F4B-6D92-4D31-ACF7-C8516347AA4A}.Debug|x64.ActiveCfg = Debug|Any CPU
		{0FD12F4B-6D92-4D31-ACF7-C8516347AA4A}.Debug|x64.Build.0 = Debug|Any CPU
		{0FD12F4B-6D92-4D31-ACF7-C8516347AA4A}.Debug|x86.ActiveCfg = Debug|Any CPU
		{0FD12F4B-6D92-4D31-ACF7-C8516347AA4A}.Debug|x86.Build.0 = Debug|Any CPU
		{0FD12F4B-6D92-4D31-ACF7-C8516347AA4A}.Release|Any CPU.ActiveCfg = Release|Any CPU
		{0FD12F4B-6D92-4D31-ACF7-C8516347AA4A}.Release|Any CPU.Build.0 = Release|Any CPU
		{0FD12F4B-6D92-4D31-ACF7-C8516347AA4A}.Release|x64.ActiveCfg = Release|Any CPU
		{0FD12F4B-6D92-4D31-ACF7-C8516347AA4A}.Release|x64.Build.0 = Release|Any CPU
		{0FD12F4B-6D92-4D31-ACF7-C8516347AA4A}.Release|x86.ActiveCfg = Release|Any CPU
		{0FD12F4B-6D92-4D31-ACF7-C8516347AA4A}.Release|x86.Build.0 = Release|Any CPU
		{D2181B62-9DF1-487C-95A0-5035FB153833}.Debug|Any CPU.ActiveCfg = Debug|Any CPU
		{D2181B62-9DF1-487C-95A0-5035FB153833}.Debug|Any CPU.Build.0 = Debug|Any CPU
		{D2181B62-9DF1-487C-95A0-5035FB153833}.Debug|x64.ActiveCfg = Debug|Any CPU
		{D2181B62-9DF1-487C-95A0-5035FB153833}.Debug|x64.Build.0 = Debug|Any CPU
		{D2181B62-9DF1-487C-95A0-5035FB153833}.Debug|x86.ActiveCfg = Debug|Any CPU
		{D2181B62-9DF1-487C-95A0-5035FB153833}.Debug|x86.Build.0 = Debug|Any CPU
		{D2181B62-9DF1-487C-95A0-5035FB153833}.Release|Any CPU.ActiveCfg = Release|Any CPU
		{D2181B62-9DF1-487C-95A0-5035FB153833}.Release|Any CPU.Build.0 = Release|Any CPU
		{D2181B62-9DF1-487C-95A0-5035FB153833}.Release|x64.ActiveCfg = Release|Any CPU
		{D2181B62-9DF1-487C-95A0-5035FB153833}.Release|x64.Build.0 = Release|Any CPU
		{D2181B62-9DF1-487C-95A0-5035FB153833}.Release|x86.ActiveCfg = Release|Any CPU
		{D2181B62-9DF1-487C-95A0-5035FB153833}.Release|x86.Build.0 = Release|Any CPU
		{F156AEB9-838C-4715-92B3-9DFE26A64484}.Debug|Any CPU.ActiveCfg = Debug|Any CPU
		{F156AEB9-838C-4715-92B3-9DFE26A64484}.Debug|Any CPU.Build.0 = Debug|Any CPU
		{F156AEB9-838C-4715-92B3-9DFE26A64484}.Debug|x64.ActiveCfg = Debug|Any CPU
		{F156AEB9-838C-4715-92B3-9DFE26A64484}.Debug|x64.Build.0 = Debug|Any CPU
		{F156AEB9-838C-4715-92B3-9DFE26A64484}.Debug|x86.ActiveCfg = Debug|Any CPU
		{F156AEB9-838C-4715-92B3-9DFE26A64484}.Debug|x86.Build.0 = Debug|Any CPU
		{F156AEB9-838C-4715-92B3-9DFE26A64484}.Release|Any CPU.ActiveCfg = Release|Any CPU
		{F156AEB9-838C-4715-92B3-9DFE26A64484}.Release|Any CPU.Build.0 = Release|Any CPU
		{F156AEB9-838C-4715-92B3-9DFE26A64484}.Release|x64.ActiveCfg = Release|Any CPU
		{F156AEB9-838C-4715-92B3-9DFE26A64484}.Release|x64.Build.0 = Release|Any CPU
		{F156AEB9-838C-4715-92B3-9DFE26A64484}.Release|x86.ActiveCfg = Release|Any CPU
		{F156AEB9-838C-4715-92B3-9DFE26A64484}.Release|x86.Build.0 = Release|Any CPU
		{FF448849-0F28-4528-BAF2-B4A5E99B76DB}.Debug|Any CPU.ActiveCfg = Debug|Any CPU
		{FF448849-0F28-4528-BAF2-B4A5E99B76DB}.Debug|Any CPU.Build.0 = Debug|Any CPU
		{FF448849-0F28-4528-BAF2-B4A5E99B76DB}.Debug|x64.ActiveCfg = Debug|Any CPU
		{FF448849-0F28-4528-BAF2-B4A5E99B76DB}.Debug|x64.Build.0 = Debug|Any CPU
		{FF448849-0F28-4528-BAF2-B4A5E99B76DB}.Debug|x86.ActiveCfg = Debug|Any CPU
		{FF448849-0F28-4528-BAF2-B4A5E99B76DB}.Debug|x86.Build.0 = Debug|Any CPU
		{FF448849-0F28-4528-BAF2-B4A5E99B76DB}.Release|Any CPU.ActiveCfg = Release|Any CPU
		{FF448849-0F28-4528-BAF2-B4A5E99B76DB}.Release|Any CPU.Build.0 = Release|Any CPU
		{FF448849-0F28-4528-BAF2-B4A5E99B76DB}.Release|x64.ActiveCfg = Release|Any CPU
		{FF448849-0F28-4528-BAF2-B4A5E99B76DB}.Release|x64.Build.0 = Release|Any CPU
		{FF448849-0F28-4528-BAF2-B4A5E99B76DB}.Release|x86.ActiveCfg = Release|Any CPU
		{FF448849-0F28-4528-BAF2-B4A5E99B76DB}.Release|x86.Build.0 = Release|Any CPU
		{D17DFA6A-55DF-4223-A46F-75F4DD9259B8}.Debug|Any CPU.ActiveCfg = Debug|Any CPU
		{D17DFA6A-55DF-4223-A46F-75F4DD9259B8}.Debug|Any CPU.Build.0 = Debug|Any CPU
		{D17DFA6A-55DF-4223-A46F-75F4DD9259B8}.Debug|x64.ActiveCfg = Debug|Any CPU
		{D17DFA6A-55DF-4223-A46F-75F4DD9259B8}.Debug|x64.Build.0 = Debug|Any CPU
		{D17DFA6A-55DF-4223-A46F-75F4DD9259B8}.Debug|x86.ActiveCfg = Debug|Any CPU
		{D17DFA6A-55DF-4223-A46F-75F4DD9259B8}.Debug|x86.Build.0 = Debug|Any CPU
		{D17DFA6A-55DF-4223-A46F-75F4DD9259B8}.Release|Any CPU.ActiveCfg = Release|Any CPU
		{D17DFA6A-55DF-4223-A46F-75F4DD9259B8}.Release|Any CPU.Build.0 = Release|Any CPU
		{D17DFA6A-55DF-4223-A46F-75F4DD9259B8}.Release|x64.ActiveCfg = Release|Any CPU
		{D17DFA6A-55DF-4223-A46F-75F4DD9259B8}.Release|x64.Build.0 = Release|Any CPU
		{D17DFA6A-55DF-4223-A46F-75F4DD9259B8}.Release|x86.ActiveCfg = Release|Any CPU
		{D17DFA6A-55DF-4223-A46F-75F4DD9259B8}.Release|x86.Build.0 = Release|Any CPU
		{FA2A310B-B392-4BB2-8DBF-907960408B65}.Debug|Any CPU.ActiveCfg = Debug|Any CPU
		{FA2A310B-B392-4BB2-8DBF-907960408B65}.Debug|Any CPU.Build.0 = Debug|Any CPU
		{FA2A310B-B392-4BB2-8DBF-907960408B65}.Debug|x64.ActiveCfg = Debug|Any CPU
		{FA2A310B-B392-4BB2-8DBF-907960408B65}.Debug|x64.Build.0 = Debug|Any CPU
		{FA2A310B-B392-4BB2-8DBF-907960408B65}.Debug|x86.ActiveCfg = Debug|Any CPU
		{FA2A310B-B392-4BB2-8DBF-907960408B65}.Debug|x86.Build.0 = Debug|Any CPU
		{FA2A310B-B392-4BB2-8DBF-907960408B65}.Release|Any CPU.ActiveCfg = Release|Any CPU
		{FA2A310B-B392-4BB2-8DBF-907960408B65}.Release|Any CPU.Build.0 = Release|Any CPU
		{FA2A310B-B392-4BB2-8DBF-907960408B65}.Release|x64.ActiveCfg = Release|Any CPU
		{FA2A310B-B392-4BB2-8DBF-907960408B65}.Release|x64.Build.0 = Release|Any CPU
		{FA2A310B-B392-4BB2-8DBF-907960408B65}.Release|x86.ActiveCfg = Release|Any CPU
		{FA2A310B-B392-4BB2-8DBF-907960408B65}.Release|x86.Build.0 = Release|Any CPU
		{F85C1514-7013-4927-9F9A-D7AE41FEF939}.Debug|Any CPU.ActiveCfg = Debug|Any CPU
		{F85C1514-7013-4927-9F9A-D7AE41FEF939}.Debug|Any CPU.Build.0 = Debug|Any CPU
		{F85C1514-7013-4927-9F9A-D7AE41FEF939}.Debug|x64.ActiveCfg = Debug|Any CPU
		{F85C1514-7013-4927-9F9A-D7AE41FEF939}.Debug|x64.Build.0 = Debug|Any CPU
		{F85C1514-7013-4927-9F9A-D7AE41FEF939}.Debug|x86.ActiveCfg = Debug|Any CPU
		{F85C1514-7013-4927-9F9A-D7AE41FEF939}.Debug|x86.Build.0 = Debug|Any CPU
		{F85C1514-7013-4927-9F9A-D7AE41FEF939}.Release|Any CPU.ActiveCfg = Release|Any CPU
		{F85C1514-7013-4927-9F9A-D7AE41FEF939}.Release|Any CPU.Build.0 = Release|Any CPU
		{F85C1514-7013-4927-9F9A-D7AE41FEF939}.Release|x64.ActiveCfg = Release|Any CPU
		{F85C1514-7013-4927-9F9A-D7AE41FEF939}.Release|x64.Build.0 = Release|Any CPU
		{F85C1514-7013-4927-9F9A-D7AE41FEF939}.Release|x86.ActiveCfg = Release|Any CPU
		{F85C1514-7013-4927-9F9A-D7AE41FEF939}.Release|x86.Build.0 = Release|Any CPU
	EndGlobalSection
	GlobalSection(SolutionProperties) = preSolution
		HideSolutionNode = FALSE
	EndGlobalSection
	GlobalSection(NestedProjects) = preSolution
		{37FBA7A5-A200-41CF-BE3D-C1335A9F58CB} = {CE96D2D2-E665-43F4-A975-3F44DF1882D1}
		{B6EEF3A4-46FF-4493-90F4-DE1BB14BA792} = {CE96D2D2-E665-43F4-A975-3F44DF1882D1}
		{44BC45C5-B998-407F-8E94-0DC2B7FFF5E9} = {CE96D2D2-E665-43F4-A975-3F44DF1882D1}
		{19EAA711-9E17-4AC5-B08E-A2B66BEF3E65} = {CE96D2D2-E665-43F4-A975-3F44DF1882D1}
		{3139C2B7-2301-4174-BD7E-7C18D4F38735} = {CE96D2D2-E665-43F4-A975-3F44DF1882D1}
		{13A8E520-8FFD-42B7-BF6F-8B349AEE22D0} = {CE96D2D2-E665-43F4-A975-3F44DF1882D1}
		{51E12B2A-21FF-4F03-83FF-C8985D3FAB55} = {EBCE190E-EBCA-4B36-93DC-9768B3CDEADD}
		{D71F1D40-2E9C-4FED-90C5-C3F4D2F6970F} = {EBCE190E-EBCA-4B36-93DC-9768B3CDEADD}
		{CDEBF4C3-2EFA-4FDF-A177-A053E24E1B8E} = {EBCE190E-EBCA-4B36-93DC-9768B3CDEADD}
		{682C1626-CA3B-4800-A23B-93A1B618CA91} = {EBCE190E-EBCA-4B36-93DC-9768B3CDEADD}
		{2AA74304-7D4B-4DD0-BDCE-9C72E7A478FF} = {EBCE190E-EBCA-4B36-93DC-9768B3CDEADD}
		{31AB3CE7-339C-4391-A786-04FD8ABDA7CF} = {EBCE190E-EBCA-4B36-93DC-9768B3CDEADD}
		{D0351BE1-3040-42C2-81E4-EEB9F1A23FF6} = {09D42AB2-3C86-4E6B-8473-2C37A03F704B}
		{946E0A28-741A-427E-BE20-331B572E6F18} = {09D42AB2-3C86-4E6B-8473-2C37A03F704B}
		{73676894-DFB8-44DB-8FD2-300A519E3562} = {09D42AB2-3C86-4E6B-8473-2C37A03F704B}
		{5FBBD5D4-48F5-4658-8CED-149192541623} = {09D42AB2-3C86-4E6B-8473-2C37A03F704B}
		{0FD12F4B-6D92-4D31-ACF7-C8516347AA4A} = {32B3DEE6-552C-4958-92F5-58603634B16A}
		{D2181B62-9DF1-487C-95A0-5035FB153833} = {32B3DEE6-552C-4958-92F5-58603634B16A}
		{F156AEB9-838C-4715-92B3-9DFE26A64484} = {32B3DEE6-552C-4958-92F5-58603634B16A}
		{FF448849-0F28-4528-BAF2-B4A5E99B76DB} = {32B3DEE6-552C-4958-92F5-58603634B16A}
		{D17DFA6A-55DF-4223-A46F-75F4DD9259B8} = {EB1E063B-ACC5-4F24-A63E-F8E369AF0DD7}
		{FA2A310B-B392-4BB2-8DBF-907960408B65} = {97C96359-3DFD-45E1-BEAA-92441309E3D6}
		{F85C1514-7013-4927-9F9A-D7AE41FEF939} = {97C96359-3DFD-45E1-BEAA-92441309E3D6}
	EndGlobalSection
	GlobalSection(ExtensibilityGlobals) = postSolution
		SolutionGuid = {47DB9905-480D-404B-B1B0-D8F366E43654}
	EndGlobalSection
EndGlobal
