
Microsoft Visual Studio Solution File, Format Version 12.00
# Visual Studio Version 17
VisualStudioVersion = 17.9.34723.18
MinimumVisualStudioVersion = 10.0.40219.1
Project("{9A19103F-16F7-4668-BE54-9A1E7A4F7556}") = "NP 02. Socket, UDP, TCP", "NP 02. Socket, UDP, TCP\NP 02. Socket, UDP, TCP.csproj", "{37FBA7A5-A200-41CF-BE3D-C1335A9F58CB}"
EndProject
Project("{9A19103F-16F7-4668-BE54-9A1E7A4F7556}") = "NP 02. Socket TCP client", "NP 02. Socket TCP client\NP 02. Socket TCP client.csproj", "{B6EEF3A4-46FF-4493-90F4-DE1BB14BA792}"
EndProject
Project("{2150E333-8FDC-42A3-9474-1A3956D46DE8}") = "NP 02", "NP 02", "{CE96D2D2-E665-43F4-A975-3F44DF1882D1}"
	ProjectSection(SolutionItems) = preProject
		NP 02. Udp listener Python.py = NP 02. Udp listener Python.py
	EndProjectSection
EndProject
Project("{9A19103F-16F7-4668-BE54-9A1E7A4F7556}") = "NP 02. Socket Udp Listener", "NP 02. Socket Udp Listener\NP 02. Socket Udp Listener.csproj", "{44BC45C5-B998-407F-8E94-0DC2B7FFF5E9}"
EndProject
Project("{9A19103F-16F7-4668-BE54-9A1E7A4F7556}") = "NP 02. Socket Udp client", "NP 02. Socket Udp client\NP 02. Socket Udp client.csproj", "{19EAA711-9E17-4AC5-B08E-A2B66BEF3E65}"
EndProject
Project("{8BC9CEB8-8B4A-11D0-8D11-00A0C91BC942}") = "NP 02. UDP Listener C", "NP 02. UDP Listener C\NP 02. UDP Listener C.vcxproj", "{3139C2B7-2301-4174-BD7E-7C18D4F38735}"
EndProject
Project("{888888A0-9F3D-457C-B088-3A5042F75D52}") = "NP 02. UDP Listener", "NP 02. UDP Listener\NP 02. UDP Listener.pyproj", "{13A8E520-8FFD-42B7-BF6F-8B349AEE22D0}"
EndProject
Project("{2150E333-8FDC-42A3-9474-1A3956D46DE8}") = "NP 03", "NP 03", "{EBCE190E-EBCA-4B36-93DC-9768B3CDEADD}"
EndProject
Project("{FAE04EC0-301F-11D3-BF4B-00C04F79EFBC}") = "NP 03. TcpClient", "NP 03. TcpClient\NP 03. TcpClient.csproj", "{51E12B2A-21FF-4F03-83FF-C8985D3FAB55}"
EndProject
Project("{FAE04EC0-301F-11D3-BF4B-00C04F79EFBC}") = "NP 03. TcpListener", "NP 03. TcpListener\NP 03. TcpListener.csproj", "{D71F1D40-2E9C-4FED-90C5-C3F4D2F6970F}"
EndProject
Project("{FAE04EC0-301F-11D3-BF4B-00C04F79EFBC}") = "NP 03. Udp Listener", "NP 03. Udp Listener\NP 03. Udp Listener.csproj", "{CDEBF4C3-2EFA-4FDF-A177-A053E24E1B8E}"
EndProject
Project("{FAE04EC0-301F-11D3-BF4B-00C04F79EFBC}") = "NP 03. Udp Client", "NP 03. Udp Client\NP 03. Udp Client.csproj", "{682C1626-CA3B-4800-A23B-93A1B618CA91}"
EndProject
Project("{FAE04EC0-301F-11D3-BF4B-00C04F79EFBC}") = "NP 03. TCP Task Manager Client", "NP 03. TCP Task Manager\NP 03. TCP Task Manager Client.csproj", "{2AA74304-7D4B-4DD0-BDCE-9C72E7A478FF}"
EndProject
Project("{FAE04EC0-301F-11D3-BF4B-00C04F79EFBC}") = "NP 03. TCP Task Manager Listener", "NP 03. TCP Task Manager Listener\NP 03. TCP Task Manager Listener.csproj", "{31AB3CE7-339C-4391-A786-04FD8ABDA7CF}"
EndProject
Global
	GlobalSection(SolutionConfigurationPlatforms) = preSolution
		Debug|Any CPU = Debug|Any CPU
		Debug|x64 = Debug|x64
		Debug|x86 = Debug|x86
		Release|Any CPU = Release|Any CPU
		Release|x64 = Release|x64
		Release|x86 = Release|x86
	EndGlobalSection
	GlobalSection(ProjectConfigurationPlatforms) = postSolution
		{37FBA7A5-A200-41CF-BE3D-C1335A9F58CB}.Debug|Any CPU.ActiveCfg = Debug|Any CPU
		{37FBA7A5-A200-41CF-BE3D-C1335A9F58CB}.Debug|Any CPU.Build.0 = Debug|Any CPU
		{37FBA7A5-A200-41CF-BE3D-C1335A9F58CB}.Debug|x64.ActiveCfg = Debug|Any CPU
		{37FBA7A5-A200-41CF-BE3D-C1335A9F58CB}.Debug|x64.Build.0 = Debug|Any CPU
		{37FBA7A5-A200-41CF-BE3D-C1335A9F58CB}.Debug|x86.ActiveCfg = Debug|Any CPU
		{37FBA7A5-A200-41CF-BE3D-C1335A9F58CB}.Debug|x86.Build.0 = Debug|Any CPU
		{37FBA7A5-A200-41CF-BE3D-C1335A9F58CB}.Release|Any CPU.ActiveCfg = Release|Any CPU
		{37FBA7A5-A200-41CF-BE3D-C1335A9F58CB}.Release|Any CPU.Build.0 = Release|Any CPU
		{37FBA7A5-A200-41CF-BE3D-C1335A9F58CB}.Release|x64.ActiveCfg = Release|Any CPU
		{37FBA7A5-A200-41CF-BE3D-C1335A9F58CB}.Release|x64.Build.0 = Release|Any CPU
		{37FBA7A5-A200-41CF-BE3D-C1335A9F58CB}.Release|x86.ActiveCfg = Release|Any CPU
		{37FBA7A5-A200-41CF-BE3D-C1335A9F58CB}.Release|x86.Build.0 = Release|Any CPU
		{B6EEF3A4-46FF-4493-90F4-DE1BB14BA792}.Debug|Any CPU.ActiveCfg = Debug|Any CPU
		{B6EEF3A4-46FF-4493-90F4-DE1BB14BA792}.Debug|Any CPU.Build.0 = Debug|Any CPU
		{B6EEF3A4-46FF-4493-90F4-DE1BB14BA792}.Debug|x64.ActiveCfg = Debug|Any CPU
		{B6EEF3A4-46FF-4493-90F4-DE1BB14BA792}.Debug|x64.Build.0 = Debug|Any CPU
		{B6EEF3A4-46FF-4493-90F4-DE1BB14BA792}.Debug|x86.ActiveCfg = Debug|Any CPU
		{B6EEF3A4-46FF-4493-90F4-DE1BB14BA792}.Debug|x86.Build.0 = Debug|Any CPU
		{B6EEF3A4-46FF-4493-90F4-DE1BB14BA792}.Release|Any CPU.ActiveCfg = Release|Any CPU
		{B6EEF3A4-46FF-4493-90F4-DE1BB14BA792}.Release|Any CPU.Build.0 = Release|Any CPU
		{B6EEF3A4-46FF-4493-90F4-DE1BB14BA792}.Release|x64.ActiveCfg = Release|Any CPU
		{B6EEF3A4-46FF-4493-90F4-DE1BB14BA792}.Release|x64.Build.0 = Release|Any CPU
		{B6EEF3A4-46FF-4493-90F4-DE1BB14BA792}.Release|x86.ActiveCfg = Release|Any CPU
		{B6EEF3A4-46FF-4493-90F4-DE1BB14BA792}.Release|x86.Build.0 = Release|Any CPU
		{44BC45C5-B998-407F-8E94-0DC2B7FFF5E9}.Debug|Any CPU.ActiveCfg = Debug|Any CPU
		{44BC45C5-B998-407F-8E94-0DC2B7FFF5E9}.Debug|Any CPU.Build.0 = Debug|Any CPU
		{44BC45C5-B998-407F-8E94-0DC2B7FFF5E9}.Debug|x64.ActiveCfg = Debug|Any CPU
		{44BC45C5-B998-407F-8E94-0DC2B7FFF5E9}.Debug|x64.Build.0 = Debug|Any CPU
		{44BC45C5-B998-407F-8E94-0DC2B7FFF5E9}.Debug|x86.ActiveCfg = Debug|Any CPU
		{44BC45C5-B998-407F-8E94-0DC2B7FFF5E9}.Debug|x86.Build.0 = Debug|Any CPU
		{44BC45C5-B998-407F-8E94-0DC2B7FFF5E9}.Release|Any CPU.ActiveCfg = Release|Any CPU
		{44BC45C5-B998-407F-8E94-0DC2B7FFF5E9}.Release|Any CPU.Build.0 = Release|Any CPU
		{44BC45C5-B998-407F-8E94-0DC2B7FFF5E9}.Release|x64.ActiveCfg = Release|Any CPU
		{44BC45C5-B998-407F-8E94-0DC2B7FFF5E9}.Release|x64.Build.0 = Release|Any CPU
		{44BC45C5-B998-407F-8E94-0DC2B7FFF5E9}.Release|x86.ActiveCfg = Release|Any CPU
		{44BC45C5-B998-407F-8E94-0DC2B7FFF5E9}.Release|x86.Build.0 = Release|Any CPU
		{19EAA711-9E17-4AC5-B08E-A2B66BEF3E65}.Debug|Any CPU.ActiveCfg = Debug|Any CPU
		{19EAA711-9E17-4AC5-B08E-A2B66BEF3E65}.Debug|Any CPU.Build.0 = Debug|Any CPU
		{19EAA711-9E17-4AC5-B08E-A2B66BEF3E65}.Debug|x64.ActiveCfg = Debug|Any CPU
		{19EAA711-9E17-4AC5-B08E-A2B66BEF3E65}.Debug|x64.Build.0 = Debug|Any CPU
		{19EAA711-9E17-4AC5-B08E-A2B66BEF3E65}.Debug|x86.ActiveCfg = Debug|Any CPU
		{19EAA711-9E17-4AC5-B08E-A2B66BEF3E65}.Debug|x86.Build.0 = Debug|Any CPU
		{19EAA711-9E17-4AC5-B08E-A2B66BEF3E65}.Release|Any CPU.ActiveCfg = Release|Any CPU
		{19EAA711-9E17-4AC5-B08E-A2B66BEF3E65}.Release|Any CPU.Build.0 = Release|Any CPU
		{19EAA711-9E17-4AC5-B08E-A2B66BEF3E65}.Release|x64.ActiveCfg = Release|Any CPU
		{19EAA711-9E17-4AC5-B08E-A2B66BEF3E65}.Release|x64.Build.0 = Release|Any CPU
		{19EAA711-9E17-4AC5-B08E-A2B66BEF3E65}.Release|x86.ActiveCfg = Release|Any CPU
		{19EAA711-9E17-4AC5-B08E-A2B66BEF3E65}.Release|x86.Build.0 = Release|Any CPU
		{3139C2B7-2301-4174-BD7E-7C18D4F38735}.Debug|Any CPU.ActiveCfg = Debug|x64
		{3139C2B7-2301-4174-BD7E-7C18D4F38735}.Debug|Any CPU.Build.0 = Debug|x64
		{3139C2B7-2301-4174-BD7E-7C18D4F38735}.Debug|x64.ActiveCfg = Debug|x64
		{3139C2B7-2301-4174-BD7E-7C18D4F38735}.Debug|x64.Build.0 = Debug|x64
		{3139C2B7-2301-4174-BD7E-7C18D4F38735}.Debug|x86.ActiveCfg = Debug|Win32
		{3139C2B7-2301-4174-BD7E-7C18D4F38735}.Debug|x86.Build.0 = Debug|Win32
		{3139C2B7-2301-4174-BD7E-7C18D4F38735}.Release|Any CPU.ActiveCfg = Release|x64
		{3139C2B7-2301-4174-BD7E-7C18D4F38735}.Release|Any CPU.Build.0 = Release|x64
		{3139C2B7-2301-4174-BD7E-7C18D4F38735}.Release|x64.ActiveCfg = Release|x64
		{3139C2B7-2301-4174-BD7E-7C18D4F38735}.Release|x64.Build.0 = Release|x64
		{3139C2B7-2301-4174-BD7E-7C18D4F38735}.Release|x86.ActiveCfg = Release|Win32
		{3139C2B7-2301-4174-BD7E-7C18D4F38735}.Release|x86.Build.0 = Release|Win32
		{13A8E520-8FFD-42B7-BF6F-8B349AEE22D0}.Debug|Any CPU.ActiveCfg = Debug|Any CPU
		{13A8E520-8FFD-42B7-BF6F-8B349AEE22D0}.Debug|x64.ActiveCfg = Debug|Any CPU
		{13A8E520-8FFD-42B7-BF6F-8B349AEE22D0}.Debug|x86.ActiveCfg = Debug|Any CPU
		{13A8E520-8FFD-42B7-BF6F-8B349AEE22D0}.Release|Any CPU.ActiveCfg = Release|Any CPU
		{13A8E520-8FFD-42B7-BF6F-8B349AEE22D0}.Release|x64.ActiveCfg = Release|Any CPU
		{13A8E520-8FFD-42B7-BF6F-8B349AEE22D0}.Release|x86.ActiveCfg = Release|Any CPU
		{51E12B2A-21FF-4F03-83FF-C8985D3FAB55}.Debug|Any CPU.ActiveCfg = Debug|Any CPU
		{51E12B2A-21FF-4F03-83FF-C8985D3FAB55}.Debug|Any CPU.Build.0 = Debug|Any CPU
		{51E12B2A-21FF-4F03-83FF-C8985D3FAB55}.Debug|x64.ActiveCfg = Debug|Any CPU
		{51E12B2A-21FF-4F03-83FF-C8985D3FAB55}.Debug|x64.Build.0 = Debug|Any CPU
		{51E12B2A-21FF-4F03-83FF-C8985D3FAB55}.Debug|x86.ActiveCfg = Debug|Any CPU
		{51E12B2A-21FF-4F03-83FF-C8985D3FAB55}.Debug|x86.Build.0 = Debug|Any CPU
		{51E12B2A-21FF-4F03-83FF-C8985D3FAB55}.Release|Any CPU.ActiveCfg = Release|Any CPU
		{51E12B2A-21FF-4F03-83FF-C8985D3FAB55}.Release|Any CPU.Build.0 = Release|Any CPU
		{51E12B2A-21FF-4F03-83FF-C8985D3FAB55}.Release|x64.ActiveCfg = Release|Any CPU
		{51E12B2A-21FF-4F03-83FF-C8985D3FAB55}.Release|x64.Build.0 = Release|Any CPU
		{51E12B2A-21FF-4F03-83FF-C8985D3FAB55}.Release|x86.ActiveCfg = Release|Any CPU
		{51E12B2A-21FF-4F03-83FF-C8985D3FAB55}.Release|x86.Build.0 = Release|Any CPU
		{D71F1D40-2E9C-4FED-90C5-C3F4D2F6970F}.Debug|Any CPU.ActiveCfg = Debug|Any CPU
		{D71F1D40-2E9C-4FED-90C5-C3F4D2F6970F}.Debug|Any CPU.Build.0 = Debug|Any CPU
		{D71F1D40-2E9C-4FED-90C5-C3F4D2F6970F}.Debug|x64.ActiveCfg = Debug|Any CPU
		{D71F1D40-2E9C-4FED-90C5-C3F4D2F6970F}.Debug|x64.Build.0 = Debug|Any CPU
		{D71F1D40-2E9C-4FED-90C5-C3F4D2F6970F}.Debug|x86.ActiveCfg = Debug|Any CPU
		{D71F1D40-2E9C-4FED-90C5-C3F4D2F6970F}.Debug|x86.Build.0 = Debug|Any CPU
		{D71F1D40-2E9C-4FED-90C5-C3F4D2F6970F}.Release|Any CPU.ActiveCfg = Release|Any CPU
		{D71F1D40-2E9C-4FED-90C5-C3F4D2F6970F}.Release|Any CPU.Build.0 = Release|Any CPU
		{D71F1D40-2E9C-4FED-90C5-C3F4D2F6970F}.Release|x64.ActiveCfg = Release|Any CPU
		{D71F1D40-2E9C-4FED-90C5-C3F4D2F6970F}.Release|x64.Build.0 = Release|Any CPU
		{D71F1D40-2E9C-4FED-90C5-C3F4D2F6970F}.Release|x86.ActiveCfg = Release|Any CPU
		{D71F1D40-2E9C-4FED-90C5-C3F4D2F6970F}.Release|x86.Build.0 = Release|Any CPU
		{CDEBF4C3-2EFA-4FDF-A177-A053E24E1B8E}.Debug|Any CPU.ActiveCfg = Debug|Any CPU
		{CDEBF4C3-2EFA-4FDF-A177-A053E24E1B8E}.Debug|Any CPU.Build.0 = Debug|Any CPU
		{CDEBF4C3-2EFA-4FDF-A177-A053E24E1B8E}.Debug|x64.ActiveCfg = Debug|Any CPU
		{CDEBF4C3-2EFA-4FDF-A177-A053E24E1B8E}.Debug|x64.Build.0 = Debug|Any CPU
		{CDEBF4C3-2EFA-4FDF-A177-A053E24E1B8E}.Debug|x86.ActiveCfg = Debug|Any CPU
		{CDEBF4C3-2EFA-4FDF-A177-A053E24E1B8E}.Debug|x86.Build.0 = Debug|Any CPU
		{CDEBF4C3-2EFA-4FDF-A177-A053E24E1B8E}.Release|Any CPU.ActiveCfg = Release|Any CPU
		{CDEBF4C3-2EFA-4FDF-A177-A053E24E1B8E}.Release|Any CPU.Build.0 = Release|Any CPU
		{CDEBF4C3-2EFA-4FDF-A177-A053E24E1B8E}.Release|x64.ActiveCfg = Release|Any CPU
		{CDEBF4C3-2EFA-4FDF-A177-A053E24E1B8E}.Release|x64.Build.0 = Release|Any CPU
		{CDEBF4C3-2EFA-4FDF-A177-A053E24E1B8E}.Release|x86.ActiveCfg = Release|Any CPU
		{CDEBF4C3-2EFA-4FDF-A177-A053E24E1B8E}.Release|x86.Build.0 = Release|Any CPU
		{682C1626-CA3B-4800-A23B-93A1B618CA91}.Debug|Any CPU.ActiveCfg = Debug|Any CPU
		{682C1626-CA3B-4800-A23B-93A1B618CA91}.Debug|Any CPU.Build.0 = Debug|Any CPU
		{682C1626-CA3B-4800-A23B-93A1B618CA91}.Debug|x64.ActiveCfg = Debug|Any CPU
		{682C1626-CA3B-4800-A23B-93A1B618CA91}.Debug|x64.Build.0 = Debug|Any CPU
		{682C1626-CA3B-4800-A23B-93A1B618CA91}.Debug|x86.ActiveCfg = Debug|Any CPU
		{682C1626-CA3B-4800-A23B-93A1B618CA91}.Debug|x86.Build.0 = Debug|Any CPU
		{682C1626-CA3B-4800-A23B-93A1B618CA91}.Release|Any CPU.ActiveCfg = Release|Any CPU
		{682C1626-CA3B-4800-A23B-93A1B618CA91}.Release|Any CPU.Build.0 = Release|Any CPU
		{682C1626-CA3B-4800-A23B-93A1B618CA91}.Release|x64.ActiveCfg = Release|Any CPU
		{682C1626-CA3B-4800-A23B-93A1B618CA91}.Release|x64.Build.0 = Release|Any CPU
		{682C1626-CA3B-4800-A23B-93A1B618CA91}.Release|x86.ActiveCfg = Release|Any CPU
		{682C1626-CA3B-4800-A23B-93A1B618CA91}.Release|x86.Build.0 = Release|Any CPU
		{2AA74304-7D4B-4DD0-BDCE-9C72E7A478FF}.Debug|Any CPU.ActiveCfg = Debug|Any CPU
		{2AA74304-7D4B-4DD0-BDCE-9C72E7A478FF}.Debug|Any CPU.Build.0 = Debug|Any CPU
		{2AA74304-7D4B-4DD0-BDCE-9C72E7A478FF}.Debug|x64.ActiveCfg = Debug|Any CPU
		{2AA74304-7D4B-4DD0-BDCE-9C72E7A478FF}.Debug|x64.Build.0 = Debug|Any CPU
		{2AA74304-7D4B-4DD0-BDCE-9C72E7A478FF}.Debug|x86.ActiveCfg = Debug|Any CPU
		{2AA74304-7D4B-4DD0-BDCE-9C72E7A478FF}.Debug|x86.Build.0 = Debug|Any CPU
		{2AA74304-7D4B-4DD0-BDCE-9C72E7A478FF}.Release|Any CPU.ActiveCfg = Release|Any CPU
		{2AA74304-7D4B-4DD0-BDCE-9C72E7A478FF}.Release|Any CPU.Build.0 = Release|Any CPU
		{2AA74304-7D4B-4DD0-BDCE-9C72E7A478FF}.Release|x64.ActiveCfg = Release|Any CPU
		{2AA74304-7D4B-4DD0-BDCE-9C72E7A478FF}.Release|x64.Build.0 = Release|Any CPU
		{2AA74304-7D4B-4DD0-BDCE-9C72E7A478FF}.Release|x86.ActiveCfg = Release|Any CPU
		{2AA74304-7D4B-4DD0-BDCE-9C72E7A478FF}.Release|x86.Build.0 = Release|Any CPU
		{31AB3CE7-339C-4391-A786-04FD8ABDA7CF}.Debug|Any CPU.ActiveCfg = Debug|Any CPU
		{31AB3CE7-339C-4391-A786-04FD8ABDA7CF}.Debug|Any CPU.Build.0 = Debug|Any CPU
		{31AB3CE7-339C-4391-A786-04FD8ABDA7CF}.Debug|x64.ActiveCfg = Debug|Any CPU
		{31AB3CE7-339C-4391-A786-04FD8ABDA7CF}.Debug|x64.Build.0 = Debug|Any CPU
		{31AB3CE7-339C-4391-A786-04FD8ABDA7CF}.Debug|x86.ActiveCfg = Debug|Any CPU
		{31AB3CE7-339C-4391-A786-04FD8ABDA7CF}.Debug|x86.Build.0 = Debug|Any CPU
		{31AB3CE7-339C-4391-A786-04FD8ABDA7CF}.Release|Any CPU.ActiveCfg = Release|Any CPU
		{31AB3CE7-339C-4391-A786-04FD8ABDA7CF}.Release|Any CPU.Build.0 = Release|Any CPU
		{31AB3CE7-339C-4391-A786-04FD8ABDA7CF}.Release|x64.ActiveCfg = Release|Any CPU
		{31AB3CE7-339C-4391-A786-04FD8ABDA7CF}.Release|x64.Build.0 = Release|Any CPU
		{31AB3CE7-339C-4391-A786-04FD8ABDA7CF}.Release|x86.ActiveCfg = Release|Any CPU
		{31AB3CE7-339C-4391-A786-04FD8ABDA7CF}.Release|x86.Build.0 = Release|Any CPU
	EndGlobalSection
	GlobalSection(SolutionProperties) = preSolution
		HideSolutionNode = FALSE
	EndGlobalSection
	GlobalSection(NestedProjects) = preSolution
		{37FBA7A5-A200-41CF-BE3D-C1335A9F58CB} = {CE96D2D2-E665-43F4-A975-3F44DF1882D1}
		{B6EEF3A4-46FF-4493-90F4-DE1BB14BA792} = {CE96D2D2-E665-43F4-A975-3F44DF1882D1}
		{44BC45C5-B998-407F-8E94-0DC2B7FFF5E9} = {CE96D2D2-E665-43F4-A975-3F44DF1882D1}
		{19EAA711-9E17-4AC5-B08E-A2B66BEF3E65} = {CE96D2D2-E665-43F4-A975-3F44DF1882D1}
		{3139C2B7-2301-4174-BD7E-7C18D4F38735} = {CE96D2D2-E665-43F4-A975-3F44DF1882D1}
		{13A8E520-8FFD-42B7-BF6F-8B349AEE22D0} = {CE96D2D2-E665-43F4-A975-3F44DF1882D1}
		{51E12B2A-21FF-4F03-83FF-C8985D3FAB55} = {EBCE190E-EBCA-4B36-93DC-9768B3CDEADD}
		{D71F1D40-2E9C-4FED-90C5-C3F4D2F6970F} = {EBCE190E-EBCA-4B36-93DC-9768B3CDEADD}
		{CDEBF4C3-2EFA-4FDF-A177-A053E24E1B8E} = {EBCE190E-EBCA-4B36-93DC-9768B3CDEADD}
		{682C1626-CA3B-4800-A23B-93A1B618CA91} = {EBCE190E-EBCA-4B36-93DC-9768B3CDEADD}
		{2AA74304-7D4B-4DD0-BDCE-9C72E7A478FF} = {EBCE190E-EBCA-4B36-93DC-9768B3CDEADD}
		{31AB3CE7-339C-4391-A786-04FD8ABDA7CF} = {EBCE190E-EBCA-4B36-93DC-9768B3CDEADD}
	EndGlobalSection
	GlobalSection(ExtensibilityGlobals) = postSolution
		SolutionGuid = {47DB9905-480D-404B-B1B0-D8F366E43654}
	EndGlobalSection
EndGlobal
